// !$*UTF8*$!
{
	archiveVersion = 1;
	classes = {
	};
	objectVersion = 50;
	objects = {

/* Begin PBXBuildFile section */
		748FCE0621A95B7A00012F7F /* AppDelegate.swift in Sources */ = {isa = PBXBuildFile; fileRef = 748FCE0521A95B7A00012F7F /* AppDelegate.swift */; };
		748FCE0921A95B7A00012F7F /* Kaufmich2.xcdatamodeld in Sources */ = {isa = PBXBuildFile; fileRef = 748FCE0721A95B7A00012F7F /* Kaufmich2.xcdatamodeld */; };
		748FCE0B21A95B7A00012F7F /* MasterViewController.swift in Sources */ = {isa = PBXBuildFile; fileRef = 748FCE0A21A95B7A00012F7F /* MasterViewController.swift */; };
		748FCE0D21A95B7A00012F7F /* DetailViewController.swift in Sources */ = {isa = PBXBuildFile; fileRef = 748FCE0C21A95B7A00012F7F /* DetailViewController.swift */; };
		748FCE1021A95B7A00012F7F /* Main.storyboard in Resources */ = {isa = PBXBuildFile; fileRef = 748FCE0E21A95B7A00012F7F /* Main.storyboard */; };
		748FCE1221A95B7F00012F7F /* Assets.xcassets in Resources */ = {isa = PBXBuildFile; fileRef = 748FCE1121A95B7F00012F7F /* Assets.xcassets */; };
		748FCE1521A95B7F00012F7F /* LaunchScreen.storyboard in Resources */ = {isa = PBXBuildFile; fileRef = 748FCE1321A95B7F00012F7F /* LaunchScreen.storyboard */; };
		748FCE2021A95B7F00012F7F /* Kaufmich2Tests.swift in Sources */ = {isa = PBXBuildFile; fileRef = 748FCE1F21A95B7F00012F7F /* Kaufmich2Tests.swift */; };
		748FCE2B21A95B7F00012F7F /* Kaufmich2UITests.swift in Sources */ = {isa = PBXBuildFile; fileRef = 748FCE2A21A95B7F00012F7F /* Kaufmich2UITests.swift */; };
/* End PBXBuildFile section */

/* Begin PBXContainerItemProxy section */
		748FCE1C21A95B7F00012F7F /* PBXContainerItemProxy */ = {
			isa = PBXContainerItemProxy;
			containerPortal = 748FCDFA21A95B7A00012F7F /* Project object */;
			proxyType = 1;
			remoteGlobalIDString = 748FCE0121A95B7A00012F7F;
			remoteInfo = Kaufmich2;
		};
		748FCE2721A95B7F00012F7F /* PBXContainerItemProxy */ = {
			isa = PBXContainerItemProxy;
			containerPortal = 748FCDFA21A95B7A00012F7F /* Project object */;
			proxyType = 1;
			remoteGlobalIDString = 748FCE0121A95B7A00012F7F;
			remoteInfo = Kaufmich2;
		};
/* End PBXContainerItemProxy section */

/* Begin PBXFileReference section */
		748FCE0221A95B7A00012F7F /* Kaufmich2.app */ = {isa = PBXFileReference; explicitFileType = wrapper.application; includeInIndex = 0; path = Kaufmich2.app; sourceTree = BUILT_PRODUCTS_DIR; };
		748FCE0521A95B7A00012F7F /* AppDelegate.swift */ = {isa = PBXFileReference; lastKnownFileType = sourcecode.swift; path = AppDelegate.swift; sourceTree = "<group>"; };
		748FCE0821A95B7A00012F7F /* Kaufmich2.xcdatamodel */ = {isa = PBXFileReference; lastKnownFileType = wrapper.xcdatamodel; path = Kaufmich2.xcdatamodel; sourceTree = "<group>"; };
		748FCE0A21A95B7A00012F7F /* MasterViewController.swift */ = {isa = PBXFileReference; lastKnownFileType = sourcecode.swift; path = MasterViewController.swift; sourceTree = "<group>"; };
		748FCE0C21A95B7A00012F7F /* DetailViewController.swift */ = {isa = PBXFileReference; lastKnownFileType = sourcecode.swift; path = DetailViewController.swift; sourceTree = "<group>"; };
		748FCE0F21A95B7A00012F7F /* Base */ = {isa = PBXFileReference; lastKnownFileType = file.storyboard; name = Base; path = Base.lproj/Main.storyboard; sourceTree = "<group>"; };
		748FCE1121A95B7F00012F7F /* Assets.xcassets */ = {isa = PBXFileReference; lastKnownFileType = folder.assetcatalog; path = Assets.xcassets; sourceTree = "<group>"; };
		748FCE1421A95B7F00012F7F /* Base */ = {isa = PBXFileReference; lastKnownFileType = file.storyboard; name = Base; path = Base.lproj/LaunchScreen.storyboard; sourceTree = "<group>"; };
		748FCE1621A95B7F00012F7F /* Info.plist */ = {isa = PBXFileReference; lastKnownFileType = text.plist.xml; path = Info.plist; sourceTree = "<group>"; };
		748FCE1B21A95B7F00012F7F /* Kaufmich2Tests.xctest */ = {isa = PBXFileReference; explicitFileType = wrapper.cfbundle; includeInIndex = 0; path = Kaufmich2Tests.xctest; sourceTree = BUILT_PRODUCTS_DIR; };
		748FCE1F21A95B7F00012F7F /* Kaufmich2Tests.swift */ = {isa = PBXFileReference; lastKnownFileType = sourcecode.swift; path = Kaufmich2Tests.swift; sourceTree = "<group>"; };
		748FCE2121A95B7F00012F7F /* Info.plist */ = {isa = PBXFileReference; lastKnownFileType = text.plist.xml; path = Info.plist; sourceTree = "<group>"; };
		748FCE2621A95B7F00012F7F /* Kaufmich2UITests.xctest */ = {isa = PBXFileReference; explicitFileType = wrapper.cfbundle; includeInIndex = 0; path = Kaufmich2UITests.xctest; sourceTree = BUILT_PRODUCTS_DIR; };
		748FCE2A21A95B7F00012F7F /* Kaufmich2UITests.swift */ = {isa = PBXFileReference; lastKnownFileType = sourcecode.swift; path = Kaufmich2UITests.swift; sourceTree = "<group>"; };
		748FCE2C21A95B7F00012F7F /* Info.plist */ = {isa = PBXFileReference; lastKnownFileType = text.plist.xml; path = Info.plist; sourceTree = "<group>"; };
/* End PBXFileReference section */

/* Begin PBXFrameworksBuildPhase section */
		748FCDFF21A95B7A00012F7F /* Frameworks */ = {
			isa = PBXFrameworksBuildPhase;
			buildActionMask = 2147483647;
			files = (
			);
			runOnlyForDeploymentPostprocessing = 0;
		};
		748FCE1821A95B7F00012F7F /* Frameworks */ = {
			isa = PBXFrameworksBuildPhase;
			buildActionMask = 2147483647;
			files = (
			);
			runOnlyForDeploymentPostprocessing = 0;
		};
		748FCE2321A95B7F00012F7F /* Frameworks */ = {
			isa = PBXFrameworksBuildPhase;
			buildActionMask = 2147483647;
			files = (
			);
			runOnlyForDeploymentPostprocessing = 0;
		};
/* End PBXFrameworksBuildPhase section */

/* Begin PBXGroup section */
		748FCDF921A95B7A00012F7F = {
			isa = PBXGroup;
			children = (
				748FCE0421A95B7A00012F7F /* Kaufmich2 */,
				748FCE1E21A95B7F00012F7F /* Kaufmich2Tests */,
				748FCE2921A95B7F00012F7F /* Kaufmich2UITests */,
				748FCE0321A95B7A00012F7F /* Products */,
			);
			sourceTree = "<group>";
		};
		748FCE0321A95B7A00012F7F /* Products */ = {
			isa = PBXGroup;
			children = (
				748FCE0221A95B7A00012F7F /* Kaufmich2.app */,
				748FCE1B21A95B7F00012F7F /* Kaufmich2Tests.xctest */,
				748FCE2621A95B7F00012F7F /* Kaufmich2UITests.xctest */,
			);
			name = Products;
			sourceTree = "<group>";
		};
		748FCE0421A95B7A00012F7F /* Kaufmich2 */ = {
			isa = PBXGroup;
			children = (
				748FCE0521A95B7A00012F7F /* AppDelegate.swift */,
				748FCE0A21A95B7A00012F7F /* MasterViewController.swift */,
				748FCE0C21A95B7A00012F7F /* DetailViewController.swift */,
				748FCE0E21A95B7A00012F7F /* Main.storyboard */,
				748FCE1121A95B7F00012F7F /* Assets.xcassets */,
				748FCE1321A95B7F00012F7F /* LaunchScreen.storyboard */,
				748FCE1621A95B7F00012F7F /* Info.plist */,
				748FCE0721A95B7A00012F7F /* Kaufmich2.xcdatamodeld */,
			);
			path = Kaufmich2;
			sourceTree = "<group>";
		};
		748FCE1E21A95B7F00012F7F /* Kaufmich2Tests */ = {
			isa = PBXGroup;
			children = (
				748FCE1F21A95B7F00012F7F /* Kaufmich2Tests.swift */,
				748FCE2121A95B7F00012F7F /* Info.plist */,
			);
			path = Kaufmich2Tests;
			sourceTree = "<group>";
		};
		748FCE2921A95B7F00012F7F /* Kaufmich2UITests */ = {
			isa = PBXGroup;
			children = (
				748FCE2A21A95B7F00012F7F /* Kaufmich2UITests.swift */,
				748FCE2C21A95B7F00012F7F /* Info.plist */,
			);
			path = Kaufmich2UITests;
			sourceTree = "<group>";
		};
/* End PBXGroup section */

/* Begin PBXNativeTarget section */
		748FCE0121A95B7A00012F7F /* Kaufmich2 */ = {
			isa = PBXNativeTarget;
			buildConfigurationList = 748FCE2F21A95B7F00012F7F /* Build configuration list for PBXNativeTarget "Kaufmich2" */;
			buildPhases = (
				748FCDFE21A95B7A00012F7F /* Sources */,
				748FCDFF21A95B7A00012F7F /* Frameworks */,
				748FCE0021A95B7A00012F7F /* Resources */,
			);
			buildRules = (
			);
			dependencies = (
			);
			name = Kaufmich2;
			productName = Kaufmich2;
			productReference = 748FCE0221A95B7A00012F7F /* Kaufmich2.app */;
			productType = "com.apple.product-type.application";
		};
		748FCE1A21A95B7F00012F7F /* Kaufmich2Tests */ = {
			isa = PBXNativeTarget;
			buildConfigurationList = 748FCE3221A95B7F00012F7F /* Build configuration list for PBXNativeTarget "Kaufmich2Tests" */;
			buildPhases = (
				748FCE1721A95B7F00012F7F /* Sources */,
				748FCE1821A95B7F00012F7F /* Frameworks */,
				748FCE1921A95B7F00012F7F /* Resources */,
			);
			buildRules = (
			);
			dependencies = (
				748FCE1D21A95B7F00012F7F /* PBXTargetDependency */,
			);
			name = Kaufmich2Tests;
			productName = Kaufmich2Tests;
			productReference = 748FCE1B21A95B7F00012F7F /* Kaufmich2Tests.xctest */;
			productType = "com.apple.product-type.bundle.unit-test";
		};
		748FCE2521A95B7F00012F7F /* Kaufmich2UITests */ = {
			isa = PBXNativeTarget;
			buildConfigurationList = 748FCE3521A95B7F00012F7F /* Build configuration list for PBXNativeTarget "Kaufmich2UITests" */;
			buildPhases = (
				748FCE2221A95B7F00012F7F /* Sources */,
				748FCE2321A95B7F00012F7F /* Frameworks */,
				748FCE2421A95B7F00012F7F /* Resources */,
			);
			buildRules = (
			);
			dependencies = (
				748FCE2821A95B7F00012F7F /* PBXTargetDependency */,
			);
			name = Kaufmich2UITests;
			productName = Kaufmich2UITests;
			productReference = 748FCE2621A95B7F00012F7F /* Kaufmich2UITests.xctest */;
			productType = "com.apple.product-type.bundle.ui-testing";
		};
/* End PBXNativeTarget section */

/* Begin PBXProject section */
		748FCDFA21A95B7A00012F7F /* Project object */ = {
			isa = PBXProject;
			attributes = {
				LastSwiftUpdateCheck = 1010;
				LastUpgradeCheck = 1010;
				ORGANIZATIONNAME = Lukas;
				TargetAttributes = {
					748FCE0121A95B7A00012F7F = {
						CreatedOnToolsVersion = 10.1;
					};
					748FCE1A21A95B7F00012F7F = {
						CreatedOnToolsVersion = 10.1;
						TestTargetID = 748FCE0121A95B7A00012F7F;
					};
					748FCE2521A95B7F00012F7F = {
						CreatedOnToolsVersion = 10.1;
						TestTargetID = 748FCE0121A95B7A00012F7F;
					};
				};
			};
			buildConfigurationList = 748FCDFD21A95B7A00012F7F /* Build configuration list for PBXProject "Kaufmich2" */;
			compatibilityVersion = "Xcode 9.3";
			developmentRegion = en;
			hasScannedForEncodings = 0;
			knownRegions = (
				en,
				Base,
			);
			mainGroup = 748FCDF921A95B7A00012F7F;
			productRefGroup = 748FCE0321A95B7A00012F7F /* Products */;
			projectDirPath = "";
			projectRoot = "";
			targets = (
				748FCE0121A95B7A00012F7F /* Kaufmich2 */,
				748FCE1A21A95B7F00012F7F /* Kaufmich2Tests */,
				748FCE2521A95B7F00012F7F /* Kaufmich2UITests */,
			);
		};
/* End PBXProject section */

/* Begin PBXResourcesBuildPhase section */
		748FCE0021A95B7A00012F7F /* Resources */ = {
			isa = PBXResourcesBuildPhase;
			buildActionMask = 2147483647;
			files = (
				748FCE1521A95B7F00012F7F /* LaunchScreen.storyboard in Resources */,
				748FCE1221A95B7F00012F7F /* Assets.xcassets in Resources */,
				748FCE1021A95B7A00012F7F /* Main.storyboard in Resources */,
			);
			runOnlyForDeploymentPostprocessing = 0;
		};
		748FCE1921A95B7F00012F7F /* Resources */ = {
			isa = PBXResourcesBuildPhase;
			buildActionMask = 2147483647;
			files = (
			);
			runOnlyForDeploymentPostprocessing = 0;
		};
		748FCE2421A95B7F00012F7F /* Resources */ = {
			isa = PBXResourcesBuildPhase;
			buildActionMask = 2147483647;
			files = (
			);
			runOnlyForDeploymentPostprocessing = 0;
		};
/* End PBXResourcesBuildPhase section */

/* Begin PBXSourcesBuildPhase section */
		748FCDFE21A95B7A00012F7F /* Sources */ = {
			isa = PBXSourcesBuildPhase;
			buildActionMask = 2147483647;
			files = (
				748FCE0921A95B7A00012F7F /* Kaufmich2.xcdatamodeld in Sources */,
				748FCE0621A95B7A00012F7F /* AppDelegate.swift in Sources */,
				748FCE0B21A95B7A00012F7F /* MasterViewController.swift in Sources */,
				748FCE0D21A95B7A00012F7F /* DetailViewController.swift in Sources */,
			);
			runOnlyForDeploymentPostprocessing = 0;
		};
		748FCE1721A95B7F00012F7F /* Sources */ = {
			isa = PBXSourcesBuildPhase;
			buildActionMask = 2147483647;
			files = (
				748FCE2021A95B7F00012F7F /* Kaufmich2Tests.swift in Sources */,
			);
			runOnlyForDeploymentPostprocessing = 0;
		};
		748FCE2221A95B7F00012F7F /* Sources */ = {
			isa = PBXSourcesBuildPhase;
			buildActionMask = 2147483647;
			files = (
				748FCE2B21A95B7F00012F7F /* Kaufmich2UITests.swift in Sources */,
			);
			runOnlyForDeploymentPostprocessing = 0;
		};
/* End PBXSourcesBuildPhase section */

/* Begin PBXTargetDependency section */
		748FCE1D21A95B7F00012F7F /* PBXTargetDependency */ = {
			isa = PBXTargetDependency;
			target = 748FCE0121A95B7A00012F7F /* Kaufmich2 */;
			targetProxy = 748FCE1C21A95B7F00012F7F /* PBXContainerItemProxy */;
		};
		748FCE2821A95B7F00012F7F /* PBXTargetDependency */ = {
			isa = PBXTargetDependency;
			target = 748FCE0121A95B7A00012F7F /* Kaufmich2 */;
			targetProxy = 748FCE2721A95B7F00012F7F /* PBXContainerItemProxy */;
		};
/* End PBXTargetDependency section */

/* Begin PBXVariantGroup section */
		748FCE0E21A95B7A00012F7F /* Main.storyboard */ = {
			isa = PBXVariantGroup;
			children = (
				748FCE0F21A95B7A00012F7F /* Base */,
			);
			name = Main.storyboard;
			sourceTree = "<group>";
		};
		748FCE1321A95B7F00012F7F /* LaunchScreen.storyboard */ = {
			isa = PBXVariantGroup;
			children = (
				748FCE1421A95B7F00012F7F /* Base */,
			);
			name = LaunchScreen.storyboard;
			sourceTree = "<group>";
		};
/* End PBXVariantGroup section */

/* Begin XCBuildConfiguration section */
		748FCE2D21A95B7F00012F7F /* Debug */ = {
			isa = XCBuildConfiguration;
			buildSettings = {
				ALWAYS_SEARCH_USER_PATHS = NO;
				CLANG_ANALYZER_NONNULL = YES;
				CLANG_ANALYZER_NUMBER_OBJECT_CONVERSION = YES_AGGRESSIVE;
				CLANG_CXX_LANGUAGE_STANDARD = "gnu++14";
				CLANG_CXX_LIBRARY = "libc++";
				CLANG_ENABLE_MODULES = YES;
				CLANG_ENABLE_OBJC_ARC = YES;
				CLANG_ENABLE_OBJC_WEAK = YES;
				CLANG_WARN_BLOCK_CAPTURE_AUTORELEASING = YES;
				CLANG_WARN_BOOL_CONVERSION = YES;
				CLANG_WARN_COMMA = YES;
				CLANG_WARN_CONSTANT_CONVERSION = YES;
				CLANG_WARN_DEPRECATED_OBJC_IMPLEMENTATIONS = YES;
				CLANG_WARN_DIRECT_OBJC_ISA_USAGE = YES_ERROR;
				CLANG_WARN_DOCUMENTATION_COMMENTS = YES;
				CLANG_WARN_EMPTY_BODY = YES;
				CLANG_WARN_ENUM_CONVERSION = YES;
				CLANG_WARN_INFINITE_RECURSION = YES;
				CLANG_WARN_INT_CONVERSION = YES;
				CLANG_WARN_NON_LITERAL_NULL_CONVERSION = YES;
				CLANG_WARN_OBJC_IMPLICIT_RETAIN_SELF = YES;
				CLANG_WARN_OBJC_LITERAL_CONVERSION = YES;
				CLANG_WARN_OBJC_ROOT_CLASS = YES_ERROR;
				CLANG_WARN_RANGE_LOOP_ANALYSIS = YES;
				CLANG_WARN_STRICT_PROTOTYPES = YES;
				CLANG_WARN_SUSPICIOUS_MOVE = YES;
				CLANG_WARN_UNGUARDED_AVAILABILITY = YES_AGGRESSIVE;
				CLANG_WARN_UNREACHABLE_CODE = YES;
				CLANG_WARN__DUPLICATE_METHOD_MATCH = YES;
				CODE_SIGN_IDENTITY = "iPhone Developer";
				COPY_PHASE_STRIP = NO;
				DEBUG_INFORMATION_FORMAT = dwarf;
				ENABLE_STRICT_OBJC_MSGSEND = YES;
				ENABLE_TESTABILITY = YES;
				GCC_C_LANGUAGE_STANDARD = gnu11;
				GCC_DYNAMIC_NO_PIC = NO;
				GCC_NO_COMMON_BLOCKS = YES;
				GCC_OPTIMIZATION_LEVEL = 0;
				GCC_PREPROCESSOR_DEFINITIONS = (
					"DEBUG=1",
					"$(inherited)",
				);
				GCC_WARN_64_TO_32_BIT_CONVERSION = YES;
				GCC_WARN_ABOUT_RETURN_TYPE = YES_ERROR;
				GCC_WARN_UNDECLARED_SELECTOR = YES;
				GCC_WARN_UNINITIALIZED_AUTOS = YES_AGGRESSIVE;
				GCC_WARN_UNUSED_FUNCTION = YES;
				GCC_WARN_UNUSED_VARIABLE = YES;
				IPHONEOS_DEPLOYMENT_TARGET = 12.1;
				MTL_ENABLE_DEBUG_INFO = INCLUDE_SOURCE;
				MTL_FAST_MATH = YES;
				ONLY_ACTIVE_ARCH = YES;
				SDKROOT = iphoneos;
				SWIFT_ACTIVE_COMPILATION_CONDITIONS = DEBUG;
				SWIFT_OPTIMIZATION_LEVEL = "-Onone";
			};
			name = Debug;
		};
		748FCE2E21A95B7F00012F7F /* Release */ = {
			isa = XCBuildConfiguration;
			buildSettings = {
				ALWAYS_SEARCH_USER_PATHS = NO;
				CLANG_ANALYZER_NONNULL = YES;
				CLANG_ANALYZER_NUMBER_OBJECT_CONVERSION = YES_AGGRESSIVE;
				CLANG_CXX_LANGUAGE_STANDARD = "gnu++14";
				CLANG_CXX_LIBRARY = "libc++";
				CLANG_ENABLE_MODULES = YES;
				CLANG_ENABLE_OBJC_ARC = YES;
				CLANG_ENABLE_OBJC_WEAK = YES;
				CLANG_WARN_BLOCK_CAPTURE_AUTORELEASING = YES;
				CLANG_WARN_BOOL_CONVERSION = YES;
				CLANG_WARN_COMMA = YES;
				CLANG_WARN_CONSTANT_CONVERSION = YES;
				CLANG_WARN_DEPRECATED_OBJC_IMPLEMENTATIONS = YES;
				CLANG_WARN_DIRECT_OBJC_ISA_USAGE = YES_ERROR;
				CLANG_WARN_DOCUMENTATION_COMMENTS = YES;
				CLANG_WARN_EMPTY_BODY = YES;
				CLANG_WARN_ENUM_CONVERSION = YES;
				CLANG_WARN_INFINITE_RECURSION = YES;
				CLANG_WARN_INT_CONVERSION = YES;
				CLANG_WARN_NON_LITERAL_NULL_CONVERSION = YES;
				CLANG_WARN_OBJC_IMPLICIT_RETAIN_SELF = YES;
				CLANG_WARN_OBJC_LITERAL_CONVERSION = YES;
				CLANG_WARN_OBJC_ROOT_CLASS = YES_ERROR;
				CLANG_WARN_RANGE_LOOP_ANALYSIS = YES;
				CLANG_WARN_STRICT_PROTOTYPES = YES;
				CLANG_WARN_SUSPICIOUS_MOVE = YES;
				CLANG_WARN_UNGUARDED_AVAILABILITY = YES_AGGRESSIVE;
				CLANG_WARN_UNREACHABLE_CODE = YES;
				CLANG_WARN__DUPLICATE_METHOD_MATCH = YES;
				CODE_SIGN_IDENTITY = "iPhone Developer";
				COPY_PHASE_STRIP = NO;
				DEBUG_INFORMATION_FORMAT = "dwarf-with-dsym";
				ENABLE_NS_ASSERTIONS = NO;
				ENABLE_STRICT_OBJC_MSGSEND = YES;
				GCC_C_LANGUAGE_STANDARD = gnu11;
				GCC_NO_COMMON_BLOCKS = YES;
				GCC_WARN_64_TO_32_BIT_CONVERSION = YES;
				GCC_WARN_ABOUT_RETURN_TYPE = YES_ERROR;
				GCC_WARN_UNDECLARED_SELECTOR = YES;
				GCC_WARN_UNINITIALIZED_AUTOS = YES_AGGRESSIVE;
				GCC_WARN_UNUSED_FUNCTION = YES;
				GCC_WARN_UNUSED_VARIABLE = YES;
				IPHONEOS_DEPLOYMENT_TARGET = 12.1;
				MTL_ENABLE_DEBUG_INFO = NO;
				MTL_FAST_MATH = YES;
				SDKROOT = iphoneos;
				SWIFT_COMPILATION_MODE = wholemodule;
				SWIFT_OPTIMIZATION_LEVEL = "-O";
				VALIDATE_PRODUCT = YES;
			};
			name = Release;
		};
		748FCE3021A95B7F00012F7F /* Debug */ = {
			isa = XCBuildConfiguration;
			buildSettings = {
				ASSETCATALOG_COMPILER_APPICON_NAME = AppIcon;
				CODE_SIGN_STYLE = Automatic;
				INFOPLIST_FILE = Kaufmich2/Info.plist;
				LD_RUNPATH_SEARCH_PATHS = (
					"$(inherited)",
					"@executable_path/Frameworks",
				);
				PRODUCT_BUNDLE_IDENTIFIER = de.lukas.kauf.mich.Kaufmich2;
				PRODUCT_NAME = "$(TARGET_NAME)";
				SWIFT_VERSION = 4.2;
				TARGETED_DEVICE_FAMILY = "1,2";
			};
			name = Debug;
		};
		748FCE3121A95B7F00012F7F /* Release */ = {
			isa = XCBuildConfiguration;
			buildSettings = {
				ASSETCATALOG_COMPILER_APPICON_NAME = AppIcon;
				CODE_SIGN_STYLE = Automatic;
				INFOPLIST_FILE = Kaufmich2/Info.plist;
				LD_RUNPATH_SEARCH_PATHS = (
					"$(inherited)",
					"@executable_path/Frameworks",
				);
				PRODUCT_BUNDLE_IDENTIFIER = de.lukas.kauf.mich.Kaufmich2;
				PRODUCT_NAME = "$(TARGET_NAME)";
				SWIFT_VERSION = 4.2;
				TARGETED_DEVICE_FAMILY = "1,2";
			};
			name = Release;
		};
		748FCE3321A95B7F00012F7F /* Debug */ = {
			isa = XCBuildConfiguration;
			buildSettings = {
				ALWAYS_EMBED_SWIFT_STANDARD_LIBRARIES = YES;
				BUNDLE_LOADER = "$(TEST_HOST)";
				CODE_SIGN_STYLE = Automatic;
				INFOPLIST_FILE = Kaufmich2Tests/Info.plist;
				LD_RUNPATH_SEARCH_PATHS = (
					"$(inherited)",
					"@executable_path/Frameworks",
					"@loader_path/Frameworks",
				);
				PRODUCT_BUNDLE_IDENTIFIER = de.lukas.kauf.mich.Kaufmich2Tests;
				PRODUCT_NAME = "$(TARGET_NAME)";
				SWIFT_VERSION = 4.2;
				TARGETED_DEVICE_FAMILY = "1,2";
				TEST_HOST = "$(BUILT_PRODUCTS_DIR)/Kaufmich2.app/Kaufmich2";
			};
			name = Debug;
		};
		748FCE3421A95B7F00012F7F /* Release */ = {
			isa = XCBuildConfiguration;
			buildSettings = {
				ALWAYS_EMBED_SWIFT_STANDARD_LIBRARIES = YES;
				BUNDLE_LOADER = "$(TEST_HOST)";
				CODE_SIGN_STYLE = Automatic;
				INFOPLIST_FILE = Kaufmich2Tests/Info.plist;
				LD_RUNPATH_SEARCH_PATHS = (
					"$(inherited)",
					"@executable_path/Frameworks",
					"@loader_path/Frameworks",
				);
				PRODUCT_BUNDLE_IDENTIFIER = de.lukas.kauf.mich.Kaufmich2Tests;
				PRODUCT_NAME = "$(TARGET_NAME)";
				SWIFT_VERSION = 4.2;
				TARGETED_DEVICE_FAMILY = "1,2";
				TEST_HOST = "$(BUILT_PRODUCTS_DIR)/Kaufmich2.app/Kaufmich2";
			};
			name = Release;
		};
		748FCE3621A95B7F00012F7F /* Debug */ = {
			isa = XCBuildConfiguration;
			buildSettings = {
				ALWAYS_EMBED_SWIFT_STANDARD_LIBRARIES = YES;
				CODE_SIGN_STYLE = Automatic;
				INFOPLIST_FILE = Kaufmich2UITests/Info.plist;
				LD_RUNPATH_SEARCH_PATHS = (
					"$(inherited)",
					"@executable_path/Frameworks",
					"@loader_path/Frameworks",
				);
				PRODUCT_BUNDLE_IDENTIFIER = de.lukas.kauf.mich.Kaufmich2UITests;
				PRODUCT_NAME = "$(TARGET_NAME)";
				SWIFT_VERSION = 4.2;
				TARGETED_DEVICE_FAMILY = "1,2";
				TEST_TARGET_NAME = Kaufmich2;
			};
			name = Debug;
		};
		748FCE3721A95B7F00012F7F /* Release */ = {
			isa = XCBuildConfiguration;
			buildSettings = {
				ALWAYS_EMBED_SWIFT_STANDARD_LIBRARIES = YES;
				CODE_SIGN_STYLE = Automatic;
				INFOPLIST_FILE = Kaufmich2UITests/Info.plist;
				LD_RUNPATH_SEARCH_PATHS = (
					"$(inherited)",
					"@executable_path/Frameworks",
					"@loader_path/Frameworks",
				);
				PRODUCT_BUNDLE_IDENTIFIER = de.lukas.kauf.mich.Kaufmich2UITests;
				PRODUCT_NAME = "$(TARGET_NAME)";
				SWIFT_VERSION = 4.2;
				TARGETED_DEVICE_FAMILY = "1,2";
				TEST_TARGET_NAME = Kaufmich2;
			};
			name = Release;
		};
/* End XCBuildConfiguration section */

/* Begin XCConfigurationList section */
		748FCDFD21A95B7A00012F7F /* Build configuration list for PBXProject "Kaufmich2" */ = {
			isa = XCConfigurationList;
			buildConfigurations = (
				748FCE2D21A95B7F00012F7F /* Debug */,
				748FCE2E21A95B7F00012F7F /* Release */,
			);
			defaultConfigurationIsVisible = 0;
			defaultConfigurationName = Release;
		};
		748FCE2F21A95B7F00012F7F /* Build configuration list for PBXNativeTarget "Kaufmich2" */ = {
			isa = XCConfigurationList;
			buildConfigurations = (
				748FCE3021A95B7F00012F7F /* Debug */,
				748FCE3121A95B7F00012F7F /* Release */,
			);
			defaultConfigurationIsVisible = 0;
			defaultConfigurationName = Release;
		};
		748FCE3221A95B7F00012F7F /* Build configuration list for PBXNativeTarget "Kaufmich2Tests" */ = {
			isa = XCConfigurationList;
			buildConfigurations = (
				748FCE3321A95B7F00012F7F /* Debug */,
				748FCE3421A95B7F00012F7F /* Release */,
			);
			defaultConfigurationIsVisible = 0;
			defaultConfigurationName = Release;
		};
		748FCE3521A95B7F00012F7F /* Build configuration list for PBXNativeTarget "Kaufmich2UITests" */ = {
			isa = XCConfigurationList;
			buildConfigurations = (
				748FCE3621A95B7F00012F7F /* Debug */,
				748FCE3721A95B7F00012F7F /* Release */,
			);
			defaultConfigurationIsVisible = 0;
			defaultConfigurationName = Release;
		};
/* End XCConfigurationList section */

/* Begin XCVersionGroup section */
		748FCE0721A95B7A00012F7F /* Kaufmich2.xcdatamodeld */ = {
			isa = XCVersionGroup;
			children = (
				748FCE0821A95B7A00012F7F /* Kaufmich2.xcdatamodel */,
			);
			currentVersion = 748FCE0821A95B7A00012F7F /* Kaufmich2.xcdatamodel */;
			path = Kaufmich2.xcdatamodeld;
			sourceTree = "<group>";
			versionGroupType = wrapper.xcdatamodel;
		};
/* End XCVersionGroup section */
	};
	rootObject = 748FCDFA21A95B7A00012F7F /* Project object */;
}
